
Microsoft Visual Studio Solution File, Format Version 12.00
# Visual Studio Version 17
VisualStudioVersion = 17.0.31903.59
MinimumVisualStudioVersion = 10.0.40219.1
Project("{2150E333-8FDC-42A3-9474-1A3956D46DE8}") = "src", "src", "{827E0CD3-B72D-47B6-A68D-7590B98EB39B}"
EndProject
Project("{FAE04EC0-301F-11D3-BF4B-00C04F79EFBC}") = "CodePunk.Highlight.Core", "src\CodePunk.Highlight.Core\CodePunk.Highlight.Core.csproj", "{488286C7-CC30-41F5-AA14-C67BA203E10C}"
EndProject
Project("{FAE04EC0-301F-11D3-BF4B-00C04F79EFBC}") = "CodePunk.Highlight.Spectre", "src\CodePunk.Highlight.Spectre\CodePunk.Highlight.Spectre.csproj", "{6A8F2E4B-1D7C-4F32-9B8E-D5A1C3F4E5B6}"
EndProject
Project("{FAE04EC0-301F-11D3-BF4B-00C04F79EFBC}") = "CodePunk.Highlight.Tests", "tests\CodePunk.Highlight.Tests\CodePunk.Highlight.Tests.csproj", "{47CE75C3-36C3-4852-8753-BA1DED46889B}"
EndProject
Project("{FAE04EC0-301F-11D3-BF4B-00C04F79EFBC}") = "CodePunk.Highlight.RazorConsole", "src\CodePunk.Highlight.RazorConsole\CodePunk.Highlight.RazorConsole.csproj", "{96E4F55F-6F5F-4556-B616-9DD16AA85EC5}"
EndProject
Project("{2150E333-8FDC-42A3-9474-1A3956D46DE8}") = "tests", "tests", "{0AB3BF05-4346-4AA6-1389-037BE0695223}"
EndProject
Project("{FAE04EC0-301F-11D3-BF4B-00C04F79EFBC}") = "CodePunk.Highlight.RazorConsole.Tests", "tests\CodePunk.Highlight.RazorConsole.Tests\CodePunk.Highlight.RazorConsole.Tests.csproj", "{2389CBEB-8D08-4E11-8905-B97F839F8A99}"
EndProject
Global
	GlobalSection(SolutionConfigurationPlatforms) = preSolution
		Debug|Any CPU = Debug|Any CPU
		Debug|x64 = Debug|x64
		Debug|x86 = Debug|x86
		Release|Any CPU = Release|Any CPU
		Release|x64 = Release|x64
		Release|x86 = Release|x86
	EndGlobalSection
	GlobalSection(ProjectConfigurationPlatforms) = postSolution
		{488286C7-CC30-41F5-AA14-C67BA203E10C}.Debug|Any CPU.ActiveCfg = Debug|Any CPU
		{488286C7-CC30-41F5-AA14-C67BA203E10C}.Debug|Any CPU.Build.0 = Debug|Any CPU
		{488286C7-CC30-41F5-AA14-C67BA203E10C}.Debug|x64.ActiveCfg = Debug|Any CPU
		{488286C7-CC30-41F5-AA14-C67BA203E10C}.Debug|x64.Build.0 = Debug|Any CPU
		{488286C7-CC30-41F5-AA14-C67BA203E10C}.Debug|x86.ActiveCfg = Debug|Any CPU
		{488286C7-CC30-41F5-AA14-C67BA203E10C}.Debug|x86.Build.0 = Debug|Any CPU
		{488286C7-CC30-41F5-AA14-C67BA203E10C}.Release|Any CPU.ActiveCfg = Release|Any CPU
		{488286C7-CC30-41F5-AA14-C67BA203E10C}.Release|Any CPU.Build.0 = Release|Any CPU
		{488286C7-CC30-41F5-AA14-C67BA203E10C}.Release|x64.ActiveCfg = Release|Any CPU
		{488286C7-CC30-41F5-AA14-C67BA203E10C}.Release|x64.Build.0 = Release|Any CPU
		{488286C7-CC30-41F5-AA14-C67BA203E10C}.Release|x86.ActiveCfg = Release|Any CPU
		{488286C7-CC30-41F5-AA14-C67BA203E10C}.Release|x86.Build.0 = Release|Any CPU
		{6A8F2E4B-1D7C-4F32-9B8E-D5A1C3F4E5B6}.Debug|Any CPU.ActiveCfg = Debug|Any CPU
		{6A8F2E4B-1D7C-4F32-9B8E-D5A1C3F4E5B6}.Debug|Any CPU.Build.0 = Debug|Any CPU
		{6A8F2E4B-1D7C-4F32-9B8E-D5A1C3F4E5B6}.Debug|x64.ActiveCfg = Debug|Any CPU
		{6A8F2E4B-1D7C-4F32-9B8E-D5A1C3F4E5B6}.Debug|x64.Build.0 = Debug|Any CPU
		{6A8F2E4B-1D7C-4F32-9B8E-D5A1C3F4E5B6}.Debug|x86.ActiveCfg = Debug|Any CPU
		{6A8F2E4B-1D7C-4F32-9B8E-D5A1C3F4E5B6}.Debug|x86.Build.0 = Debug|Any CPU
		{6A8F2E4B-1D7C-4F32-9B8E-D5A1C3F4E5B6}.Release|Any CPU.ActiveCfg = Release|Any CPU
		{6A8F2E4B-1D7C-4F32-9B8E-D5A1C3F4E5B6}.Release|Any CPU.Build.0 = Release|Any CPU
		{6A8F2E4B-1D7C-4F32-9B8E-D5A1C3F4E5B6}.Release|x64.ActiveCfg = Release|Any CPU
		{6A8F2E4B-1D7C-4F32-9B8E-D5A1C3F4E5B6}.Release|x64.Build.0 = Release|Any CPU
		{6A8F2E4B-1D7C-4F32-9B8E-D5A1C3F4E5B6}.Release|x86.ActiveCfg = Release|Any CPU
		{6A8F2E4B-1D7C-4F32-9B8E-D5A1C3F4E5B6}.Release|x86.Build.0 = Release|Any CPU
		{47CE75C3-36C3-4852-8753-BA1DED46889B}.Debug|Any CPU.ActiveCfg = Debug|Any CPU
		{47CE75C3-36C3-4852-8753-BA1DED46889B}.Debug|Any CPU.Build.0 = Debug|Any CPU
		{47CE75C3-36C3-4852-8753-BA1DED46889B}.Debug|x64.ActiveCfg = Debug|Any CPU
		{47CE75C3-36C3-4852-8753-BA1DED46889B}.Debug|x64.Build.0 = Debug|Any CPU
		{47CE75C3-36C3-4852-8753-BA1DED46889B}.Debug|x86.ActiveCfg = Debug|Any CPU
		{47CE75C3-36C3-4852-8753-BA1DED46889B}.Debug|x86.Build.0 = Debug|Any CPU
		{47CE75C3-36C3-4852-8753-BA1DED46889B}.Release|Any CPU.ActiveCfg = Release|Any CPU
		{47CE75C3-36C3-4852-8753-BA1DED46889B}.Release|Any CPU.Build.0 = Release|Any CPU
		{47CE75C3-36C3-4852-8753-BA1DED46889B}.Release|x64.ActiveCfg = Release|Any CPU
		{47CE75C3-36C3-4852-8753-BA1DED46889B}.Release|x64.Build.0 = Release|Any CPU
		{47CE75C3-36C3-4852-8753-BA1DED46889B}.Release|x86.ActiveCfg = Release|Any CPU
		{47CE75C3-36C3-4852-8753-BA1DED46889B}.Release|x86.Build.0 = Release|Any CPU
		{96E4F55F-6F5F-4556-B616-9DD16AA85EC5}.Debug|Any CPU.ActiveCfg = Debug|Any CPU
		{96E4F55F-6F5F-4556-B616-9DD16AA85EC5}.Debug|Any CPU.Build.0 = Debug|Any CPU
		{96E4F55F-6F5F-4556-B616-9DD16AA85EC5}.Debug|x64.ActiveCfg = Debug|Any CPU
		{96E4F55F-6F5F-4556-B616-9DD16AA85EC5}.Debug|x64.Build.0 = Debug|Any CPU
		{96E4F55F-6F5F-4556-B616-9DD16AA85EC5}.Debug|x86.ActiveCfg = Debug|Any CPU
		{96E4F55F-6F5F-4556-B616-9DD16AA85EC5}.Debug|x86.Build.0 = Debug|Any CPU
		{96E4F55F-6F5F-4556-B616-9DD16AA85EC5}.Release|Any CPU.ActiveCfg = Release|Any CPU
		{96E4F55F-6F5F-4556-B616-9DD16AA85EC5}.Release|Any CPU.Build.0 = Release|Any CPU
		{96E4F55F-6F5F-4556-B616-9DD16AA85EC5}.Release|x64.ActiveCfg = Release|Any CPU
		{96E4F55F-6F5F-4556-B616-9DD16AA85EC5}.Release|x64.Build.0 = Release|Any CPU
		{96E4F55F-6F5F-4556-B616-9DD16AA85EC5}.Release|x86.ActiveCfg = Release|Any CPU
		{96E4F55F-6F5F-4556-B616-9DD16AA85EC5}.Release|x86.Build.0 = Release|Any CPU
		{2389CBEB-8D08-4E11-8905-B97F839F8A99}.Debug|Any CPU.ActiveCfg = Debug|Any CPU
		{2389CBEB-8D08-4E11-8905-B97F839F8A99}.Debug|Any CPU.Build.0 = Debug|Any CPU
		{2389CBEB-8D08-4E11-8905-B97F839F8A99}.Debug|x64.ActiveCfg = Debug|Any CPU
		{2389CBEB-8D08-4E11-8905-B97F839F8A99}.Debug|x64.Build.0 = Debug|Any CPU
		{2389CBEB-8D08-4E11-8905-B97F839F8A99}.Debug|x86.ActiveCfg = Debug|Any CPU
		{2389CBEB-8D08-4E11-8905-B97F839F8A99}.Debug|x86.Build.0 = Debug|Any CPU
		{2389CBEB-8D08-4E11-8905-B97F839F8A99}.Release|Any CPU.ActiveCfg = Release|Any CPU
		{2389CBEB-8D08-4E11-8905-B97F839F8A99}.Release|Any CPU.Build.0 = Release|Any CPU
		{2389CBEB-8D08-4E11-8905-B97F839F8A99}.Release|x64.ActiveCfg = Release|Any CPU
		{2389CBEB-8D08-4E11-8905-B97F839F8A99}.Release|x64.Build.0 = Release|Any CPU
		{2389CBEB-8D08-4E11-8905-B97F839F8A99}.Release|x86.ActiveCfg = Release|Any CPU
		{2389CBEB-8D08-4E11-8905-B97F839F8A99}.Release|x86.Build.0 = Release|Any CPU
	EndGlobalSection
	GlobalSection(SolutionProperties) = preSolution
		HideSolutionNode = FALSE
	EndGlobalSection
	GlobalSection(NestedProjects) = preSolution
		{488286C7-CC30-41F5-AA14-C67BA203E10C} = {827E0CD3-B72D-47B6-A68D-7590B98EB39B}
		{6A8F2E4B-1D7C-4F32-9B8E-D5A1C3F4E5B6} = {827E0CD3-B72D-47B6-A68D-7590B98EB39B}
		{47CE75C3-36C3-4852-8753-BA1DED46889B} = {827E0CD3-B72D-47B6-A68D-7590B98EB39B}
		{96E4F55F-6F5F-4556-B616-9DD16AA85EC5} = {827E0CD3-B72D-47B6-A68D-7590B98EB39B}
		{2389CBEB-8D08-4E11-8905-B97F839F8A99} = {0AB3BF05-4346-4AA6-1389-037BE0695223}
	EndGlobalSection
EndGlobal
